
Microsoft Visual Studio Solution File, Format Version 12.00
# Visual Studio Version 16
VisualStudioVersion = 16.0.30104.148
MinimumVisualStudioVersion = 10.0.40219.1
Project("{2150E333-8FDC-42A3-9474-1A3956D46DE8}") = "Classes", "Classes", "{5126354D-0354-4C6C-9EEB-877D4E27980F}"
EndProject
Project("{2150E333-8FDC-42A3-9474-1A3956D46DE8}") = "Reports", "Reports", "{4BEE52B7-DD85-4B9A-881F-A32936881878}"
EndProject
Project("{9A19103F-16F7-4668-BE54-9A1E7A4F7556}") = "ArGeAssembly", "ArGeAssembly\ArGeAssembly.csproj", "{3407A7C1-4E81-4A0F-B364-BCEE936203E5}"
EndProject
Project("{9A19103F-16F7-4668-BE54-9A1E7A4F7556}") = "AtlasEnums", "AtlasEnums\AtlasEnums.csproj", "{BBBB1C16-2A64-4BCE-94FE-837B007AF312}"
EndProject
Project("{9A19103F-16F7-4668-BE54-9A1E7A4F7556}") = "AtlasModel", "AtlasModel\AtlasModel.csproj", "{47FC65D3-26A2-4A80-92AD-F4F3C00A035C}"
EndProject
Project("{9A19103F-16F7-4668-BE54-9A1E7A4F7556}") = "AtlasDataModel", "AtlasDataModel\AtlasDataModel.csproj", "{B6036BBD-34D6-4FDE-9FEF-270D98C66E00}"
EndProject
Project("{9A19103F-16F7-4668-BE54-9A1E7A4F7556}") = "TTHospitalAssembly", "TTHospitalAssembly\TTHospitalAssembly.csproj", "{97DFE5DD-5F64-482D-92A4-DA63B32C6945}"
EndProject
Project("{9A19103F-16F7-4668-BE54-9A1E7A4F7556}") = "TTLogisticsAssembly", "TTLogisticsAssembly\TTLogisticsAssembly.csproj", "{C57705D5-A3E8-4AD5-9403-D34F05B3E9BC}"
EndProject
Project("{9A19103F-16F7-4668-BE54-9A1E7A4F7556}") = "TTObjectClasses", "TTObjectClasses\TTObjectClasses.csproj", "{54F48025-45D1-44D6-90FE-598ACA83B146}"
EndProject
Project("{9A19103F-16F7-4668-BE54-9A1E7A4F7556}") = "UnUsedClasses", "UnUsedClasses\UnUsedClasses.csproj", "{EE3780A1-F084-4E29-9791-1BE22723EF79}"
EndProject
Project("{9A19103F-16F7-4668-BE54-9A1E7A4F7556}") = "TTLogisticsAssemblyReports", "TTLogisticsAssemblyReports\TTLogisticsAssemblyReports.csproj", "{C57705D5-A3E8-5AD5-9403-D34F05B3E9BC}"
EndProject
Project("{9A19103F-16F7-4668-BE54-9A1E7A4F7556}") = "TTObjectClassesReports", "TTObjectClassesReports\TTObjectClassesReports.csproj", "{54F48025-45D1-54D6-90FE-598ACA83B146}"
EndProject
Project("{9A19103F-16F7-4668-BE54-9A1E7A4F7556}") = "UnUsedClassesReports", "UnUsedClassesReports\UnUsedClassesReports.csproj", "{EE3780A1-F084-5E29-9791-1BE22723EF79}"
EndProject
Global
	GlobalSection(SolutionConfigurationPlatforms) = preSolution
		Debug|Any CPU = Debug|Any CPU
		Release|Any CPU = Release|Any CPU
	EndGlobalSection
	GlobalSection(ProjectConfigurationPlatforms) = postSolution
		{3407A7C1-4E81-4A0F-B364-BCEE936203E5}.Debug|Any CPU.ActiveCfg = Debug|Any CPU
		{3407A7C1-4E81-4A0F-B364-BCEE936203E5}.Debug|Any CPU.Build.0 = Debug|Any CPU
		{3407A7C1-4E81-4A0F-B364-BCEE936203E5}.Release|Any CPU.ActiveCfg = Release|Any CPU
		{3407A7C1-4E81-4A0F-B364-BCEE936203E5}.Release|Any CPU.Build.0 = Release|Any CPU
		{BBBB1C16-2A64-4BCE-94FE-837B007AF312}.Debug|Any CPU.ActiveCfg = Debug|Any CPU
		{BBBB1C16-2A64-4BCE-94FE-837B007AF312}.Debug|Any CPU.Build.0 = Debug|Any CPU
		{BBBB1C16-2A64-4BCE-94FE-837B007AF312}.Release|Any CPU.ActiveCfg = Release|Any CPU
		{BBBB1C16-2A64-4BCE-94FE-837B007AF312}.Release|Any CPU.Build.0 = Release|Any CPU
		{47FC65D3-26A2-4A80-92AD-F4F3C00A035C}.Debug|Any CPU.ActiveCfg = Debug|Any CPU
		{47FC65D3-26A2-4A80-92AD-F4F3C00A035C}.Debug|Any CPU.Build.0 = Debug|Any CPU
		{47FC65D3-26A2-4A80-92AD-F4F3C00A035C}.Release|Any CPU.ActiveCfg = Release|Any CPU
		{47FC65D3-26A2-4A80-92AD-F4F3C00A035C}.Release|Any CPU.Build.0 = Release|Any CPU
		{B6036BBD-34D6-4FDE-9FEF-270D98C66E00}.Debug|Any CPU.ActiveCfg = Debug|Any CPU
		{B6036BBD-34D6-4FDE-9FEF-270D98C66E00}.Debug|Any CPU.Build.0 = Debug|Any CPU
		{B6036BBD-34D6-4FDE-9FEF-270D98C66E00}.Release|Any CPU.ActiveCfg = Release|Any CPU
		{B6036BBD-34D6-4FDE-9FEF-270D98C66E00}.Release|Any CPU.Build.0 = Release|Any CPU
		{97DFE5DD-5F64-482D-92A4-DA63B32C6945}.Debug|Any CPU.ActiveCfg = Debug|Any CPU
		{97DFE5DD-5F64-482D-92A4-DA63B32C6945}.Debug|Any CPU.Build.0 = Debug|Any CPU
		{97DFE5DD-5F64-482D-92A4-DA63B32C6945}.Release|Any CPU.ActiveCfg = Release|Any CPU
		{97DFE5DD-5F64-482D-92A4-DA63B32C6945}.Release|Any CPU.Build.0 = Release|Any CPU
		{C57705D5-A3E8-4AD5-9403-D34F05B3E9BC}.Debug|Any CPU.ActiveCfg = Debug|Any CPU
		{C57705D5-A3E8-4AD5-9403-D34F05B3E9BC}.Debug|Any CPU.Build.0 = Debug|Any CPU
		{C57705D5-A3E8-4AD5-9403-D34F05B3E9BC}.Release|Any CPU.ActiveCfg = Release|Any CPU
		{C57705D5-A3E8-4AD5-9403-D34F05B3E9BC}.Release|Any CPU.Build.0 = Release|Any CPU
		{54F48025-45D1-44D6-90FE-598ACA83B146}.Debug|Any CPU.ActiveCfg = Debug|Any CPU
		{54F48025-45D1-44D6-90FE-598ACA83B146}.Debug|Any CPU.Build.0 = Debug|Any CPU
		{54F48025-45D1-44D6-90FE-598ACA83B146}.Release|Any CPU.ActiveCfg = Release|Any CPU
		{54F48025-45D1-44D6-90FE-598ACA83B146}.Release|Any CPU.Build.0 = Release|Any CPU
		{EE3780A1-F084-4E29-9791-1BE22723EF79}.Debug|Any CPU.ActiveCfg = Debug|Any CPU
		{EE3780A1-F084-4E29-9791-1BE22723EF79}.Debug|Any CPU.Build.0 = Debug|Any CPU
		{EE3780A1-F084-4E29-9791-1BE22723EF79}.Release|Any CPU.ActiveCfg = Release|Any CPU
		{EE3780A1-F084-4E29-9791-1BE22723EF79}.Release|Any CPU.Build.0 = Release|Any CPU
		{C57705D5-A3E8-5AD5-9403-D34F05B3E9BC}.Debug|Any CPU.ActiveCfg = Debug|Any CPU
		{C57705D5-A3E8-5AD5-9403-D34F05B3E9BC}.Debug|Any CPU.Build.0 = Debug|Any CPU
		{C57705D5-A3E8-5AD5-9403-D34F05B3E9BC}.Release|Any CPU.ActiveCfg = Release|Any CPU
		{C57705D5-A3E8-5AD5-9403-D34F05B3E9BC}.Release|Any CPU.Build.0 = Release|Any CPU
		{54F48025-45D1-54D6-90FE-598ACA83B146}.Debug|Any CPU.ActiveCfg = Debug|Any CPU
		{54F48025-45D1-54D6-90FE-598ACA83B146}.Debug|Any CPU.Build.0 = Debug|Any CPU
		{54F48025-45D1-54D6-90FE-598ACA83B146}.Release|Any CPU.ActiveCfg = Release|Any CPU
		{54F48025-45D1-54D6-90FE-598ACA83B146}.Release|Any CPU.Build.0 = Release|Any CPU
		{EE3780A1-F084-5E29-9791-1BE22723EF79}.Debug|Any CPU.ActiveCfg = Debug|Any CPU
		{EE3780A1-F084-5E29-9791-1BE22723EF79}.Debug|Any CPU.Build.0 = Debug|Any CPU
		{EE3780A1-F084-5E29-9791-1BE22723EF79}.Release|Any CPU.ActiveCfg = Release|Any CPU
		{EE3780A1-F084-5E29-9791-1BE22723EF79}.Release|Any CPU.Build.0 = Release|Any CPU
	EndGlobalSection
	GlobalSection(SolutionProperties) = preSolution
		HideSolutionNode = FALSE
	EndGlobalSection
	GlobalSection(NestedProjects) = preSolution
		{3407A7C1-4E81-4A0F-B364-BCEE936203E5} = {5126354D-0354-4C6C-9EEB-877D4E27980F}
		{BBBB1C16-2A64-4BCE-94FE-837B007AF312} = {5126354D-0354-4C6C-9EEB-877D4E27980F}
		{47FC65D3-26A2-4A80-92AD-F4F3C00A035C} = {5126354D-0354-4C6C-9EEB-877D4E27980F}
		{B6036BBD-34D6-4FDE-9FEF-270D98C66E00} = {5126354D-0354-4C6C-9EEB-877D4E27980F}
		{97DFE5DD-5F64-482D-92A4-DA63B32C6945} = {5126354D-0354-4C6C-9EEB-877D4E27980F}
		{C57705D5-A3E8-4AD5-9403-D34F05B3E9BC} = {5126354D-0354-4C6C-9EEB-877D4E27980F}
		{54F48025-45D1-44D6-90FE-598ACA83B146} = {5126354D-0354-4C6C-9EEB-877D4E27980F}
		{EE3780A1-F084-4E29-9791-1BE22723EF79} = {5126354D-0354-4C6C-9EEB-877D4E27980F}
		{C57705D5-A3E8-5AD5-9403-D34F05B3E9BC} = {4BEE52B7-DD85-4B9A-881F-A32936881878}
		{54F48025-45D1-54D6-90FE-598ACA83B146} = {4BEE52B7-DD85-4B9A-881F-A32936881878}
		{EE3780A1-F084-5E29-9791-1BE22723EF79} = {4BEE52B7-DD85-4B9A-881F-A32936881878}
	EndGlobalSection
	GlobalSection(ExtensibilityGlobals) = postSolution
		SolutionGuid = {C05B00EE-4694-45BF-A219-0E1B72C2D68B}
	EndGlobalSection
	GlobalSection(TeamFoundationVersionControl) = preSolution
		SccNumberOfProjects = 12
		SccEnterpriseProvider = {4CA58AB2-18FA-4F8D-95D4-32DDF27D184C}
		SccTeamFoundationServer = https://tfs.atlas.com.tr/tfs/go
		SccProjectUniqueName0 = ArGeAssembly\\ArGeAssembly.csproj
		SccProjectTopLevelParentUniqueName0 = AtlasAssembly.sln
		SccProjectName0 = ArGeAssembly
		SccLocalPath0 = ArGeAssembly
		SccProjectUniqueName1 = AtlasEnums\\AtlasEnums.csproj
		SccProjectTopLevelParentUniqueName1 = AtlasAssembly.sln
		SccProjectName1 = AtlasEnums
		SccLocalPath1 = AtlasEnums
		SccProjectUniqueName2 = AtlasModel\\AtlasModel.csproj
		SccProjectTopLevelParentUniqueName2 = AtlasAssembly.sln
		SccProjectName2 = AtlasModel
		SccLocalPath2 = AtlasModel
		SccProjectUniqueName3 = AtlasDataModel\\AtlasDataModel.csproj
		SccProjectTopLevelParentUniqueName3 = AtlasAssembly.sln
		SccProjectName3 = AtlasDataModel
		SccLocalPath3 = AtlasDataModel
		SccProjectUniqueName4 = TTHospitalAssembly\\TTHospitalAssembly.csproj
		SccProjectTopLevelParentUniqueName4 = AtlasAssembly.sln
		SccProjectName4 = TTHospitalAssembly
		SccLocalPath4 = TTHospitalAssembly
		SccProjectUniqueName5 = TTLogisticsAssembly\\TTLogisticsAssembly.csproj
		SccProjectTopLevelParentUniqueName5 = AtlasAssembly.sln
		SccProjectName5 = TTLogisticsAssembly
		SccLocalPath5 = TTLogisticsAssembly
		SccProjectUniqueName6 = TTObjectClasses\\TTObjectClasses.csproj
		SccProjectTopLevelParentUniqueName6 = AtlasAssembly.sln
		SccProjectName6 = TTObjectClasses
		SccLocalPath6 = TTObjectClasses
		SccProjectUniqueName7 = UnUsedClasses\\UnUsedClasses.csproj
		SccProjectTopLevelParentUniqueName7 = AtlasAssembly.sln
		SccProjectName7 = UnUsedClasses
		SccLocalPath7 = UnUsedClasses
		SccProjectUniqueName8 = TTLogisticsAssemblyReports\\TTLogisticsAssemblyReports.csproj
		SccProjectTopLevelParentUniqueName8 = AtlasAssembly.sln
		SccProjectName8 = TTLogisticsAssemblyReports
		SccLocalPath8 = TTLogisticsAssemblyReports
		SccProjectUniqueName9 = TTObjectClassesReports\\TTObjectClassesReports.csproj
		SccProjectTopLevelParentUniqueName9 = AtlasAssembly.sln
		SccProjectName9 = TTObjectClassesReports
		SccLocalPath9 = TTObjectClassesReports
		SccProjectUniqueName10 = UnUsedClassesReports\\UnUsedClassesReports.csproj
		SccProjectTopLevelParentUniqueName10 = AtlasAssembly.sln
		SccProjectName10 = UnUsedClassesReports
		SccLocalPath10 = UnUsedClassesReports
		SccLocalPath11 = .
	EndGlobalSection
EndGlobal
