Microsoft Visual Studio Solution File, Format Version 12.00
# Visual Studio Version 16
VisualStudioVersion = 16.0.29418.71
MinimumVisualStudioVersion = 10.0.40219.1
Project("{2150E333-8FDC-42A3-9474-1A3956D46DE8}") = "AtlasWeb", "AtlasWeb", "{864039FD-EB9E-4206-9E2B-C4D001525117}"
EndProject
Project("{2150E333-8FDC-42A3-9474-1A3956D46DE8}") = "TTAssemblies", "TTAssemblies", "{71258270-B33C-4833-8326-C16D916505EA}"
EndProject
Project("{2150E333-8FDC-42A3-9474-1A3956D46DE8}") = "Classes", "Classes", "{43D2D0AF-CADE-47DE-973C-5E3199ED1804}"
EndProject
Project("{2150E333-8FDC-42A3-9474-1A3956D46DE8}") = "Reports", "Reports", "{6CD94B3C-58F2-4361-B808-808DA549E19E}"
EndProject
Project("{9A19103F-16F7-4668-BE54-9A1E7A4F7556}") = "Core", "AtlasWeb\Core\Core.csproj", "{B4FFE846-EC4C-4867-A60D-2314C6A8BEAB}"
EndProject
Project("{9A19103F-16F7-4668-BE54-9A1E7A4F7556}") = "Infrastructure", "AtlasWeb\Infrastructure\Infrastructure.csproj", "{2277B38E-AA35-406D-81C7-C51273FE6D91}"
EndProject
Project("{2150E333-8FDC-42A3-9474-1A3956D46DE8}") = "dist", "dist", "{1DB869D9-EB13-46DE-82A8-E1A4B164EC1E}"
	ProjectSection(SolutionItems) = preProject
		AtlasWeb\dist\dummy.txt = AtlasWeb\dist\dummy.txt
	EndProjectSection
EndProject
Project("{2150E333-8FDC-42A3-9474-1A3956D46DE8}") = "client", "client", "{E05F3CA3-3A27-44CA-944E-AC56B50AA710}"
	ProjectSection(SolutionItems) = preProject
		AtlasWeb\client\global.d.ts = AtlasWeb\client\global.d.ts
		AtlasWeb\client\package.json = AtlasWeb\client\package.json
		AtlasWeb\client\tsconfig-base.json = AtlasWeb\client\tsconfig-base.json
	EndProjectSection
EndProject
Project("{9A19103F-16F7-4668-BE54-9A1E7A4F7556}") = "ReportClasses", "ReportClasses\ReportClasses.csproj", "{A79C9BF8-7922-4585-AF53-105C9E4BAFCE}"
EndProject
Project("{9A19103F-16F7-4668-BE54-9A1E7A4F7556}") = "DashboardClasses", "DashboardClasses\DashboardClasses.csproj", "{2F7D391F-F58E-4EC4-8066-3C6A4FC79B37}"
EndProject
Project("{9A19103F-16F7-4668-BE54-9A1E7A4F7556}") = "AtlasDataSource", "AtlasDataSource\AtlasDataSource.csproj", "{BE44A511-202E-4C54-A742-E4857B1C481C}"
EndProject
Project("{9A19103F-16F7-4668-BE54-9A1E7A4F7556}") = "ArGeAssembly", "ATLASDEV\ArGeAssembly\ArGeAssembly.csproj", "{3407A7C1-4E81-4A0F-B364-BCEE936203E5}"
EndProject
Project("{9A19103F-16F7-4668-BE54-9A1E7A4F7556}") = "TTHospitalAssembly", "ATLASDEV\TTHospitalAssembly\TTHospitalAssembly.csproj", "{97DFE5DD-5F64-482D-92A4-DA63B32C6945}"
EndProject
Project("{9A19103F-16F7-4668-BE54-9A1E7A4F7556}") = "TTLogisticsAssembly", "ATLASDEV\TTLogisticsAssembly\TTLogisticsAssembly.csproj", "{C57705D5-A3E8-4AD5-9403-D34F05B3E9BC}"
EndProject
Project("{9A19103F-16F7-4668-BE54-9A1E7A4F7556}") = "TTLogisticsAssemblyReports", "ATLASDEV\TTLogisticsAssemblyReports\TTLogisticsAssemblyReports.csproj", "{C57705D5-A3E8-5AD5-9403-D34F05B3E9BC}"
EndProject
Project("{9A19103F-16F7-4668-BE54-9A1E7A4F7556}") = "TTObjectClasses", "ATLASDEV\TTObjectClasses\TTObjectClasses.csproj", "{54F48025-45D1-44D6-90FE-598ACA83B146}"
EndProject
Project("{9A19103F-16F7-4668-BE54-9A1E7A4F7556}") = "TTObjectClassesReports", "ATLASDEV\TTObjectClassesReports\TTObjectClassesReports.csproj", "{54F48025-45D1-54D6-90FE-598ACA83B146}"
EndProject
Project("{9A19103F-16F7-4668-BE54-9A1E7A4F7556}") = "UnUsedClasses", "ATLASDEV\UnUsedClasses\UnUsedClasses.csproj", "{EE3780A1-F084-4E29-9791-1BE22723EF79}"
EndProject
Project("{9A19103F-16F7-4668-BE54-9A1E7A4F7556}") = "UnUsedClassesReports", "ATLASDEV\UnUsedClassesReports\UnUsedClassesReports.csproj", "{EE3780A1-F084-5E29-9791-1BE22723EF79}"
EndProject
Project("{9A19103F-16F7-4668-BE54-9A1E7A4F7556}") = "AtlasEnums", "ATLASDEV\AtlasEnums\AtlasEnums.csproj", "{4A2EBC95-C68B-47CF-ABCE-577C59B511C2}"
EndProject
Project("{9A19103F-16F7-4668-BE54-9A1E7A4F7556}") = "AtlasModel", "ATLASDEV\AtlasModel\AtlasModel.csproj", "{BFB61815-46F2-44C7-867E-2538F37F6A93}"
EndProject
Project("{9A19103F-16F7-4668-BE54-9A1E7A4F7556}") = "AtlasDataModel", "ATLASDEV\AtlasDataModel\AtlasDataModel.csproj", "{2EA5AE39-2716-4B99-8F76-A1A1744E9BED}"
EndProject
Project("{9A19103F-16F7-4668-BE54-9A1E7A4F7556}") = "DynamicForms", "DynamicForms\DynamicForms.csproj", "{A106AD58-0C7D-474E-9904-155AED1E3CBD}"
EndProject
Project("{9A19103F-16F7-4668-BE54-9A1E7A4F7556}") = "HealthInsurance", "HealthInsurance\HealthInsurance.csproj", "{C40AD0A6-712F-46F5-8A21-80364D5C1E11}"
EndProject
Project("{2150E333-8FDC-42A3-9474-1A3956D46DE8}") = "SUTRuleEngine", "SUTRuleEngine", "{C94099F6-B311-4326-9919-5FE85C34A9E3}"
EndProject
Project("{9A19103F-16F7-4668-BE54-9A1E7A4F7556}") = "RuleChecker.Engine", "Utils\SutKuralService\RuleChecker.Engine\RuleChecker.Engine.csproj", "{59BBAB9D-4419-4CE6-9727-099A6616B1CA}"
EndProject
Project("{9A19103F-16F7-4668-BE54-9A1E7A4F7556}") = "RuleChecker.Interface", "Utils\SutKuralService\RuleChecker.Interface\RuleChecker.Interface.csproj", "{C8E83ADF-59E5-430F-AC0C-D6A33798922D}"
EndProject
Project("{9A19103F-16F7-4668-BE54-9A1E7A4F7556}") = "RuleChecker.Service", "Utils\SutKuralService\RuleChecker.Service\RuleChecker.Service.csproj", "{7ABB70B0-CE6B-45BB-B417-8E0B0B33E5C4}"
EndProject
Global
	GlobalSection(SolutionConfigurationPlatforms) = preSolution
		Debug|Any CPU = Debug|Any CPU
		Debug|x64 = Debug|x64
		Debug|x86 = Debug|x86
		Release|Any CPU = Release|Any CPU
		Release|x64 = Release|x64
		Release|x86 = Release|x86
		Test|Any CPU = Test|Any CPU
		Test|x64 = Test|x64
		Test|x86 = Test|x86
	EndGlobalSection
	GlobalSection(ProjectConfigurationPlatforms) = postSolution
		{B4FFE846-EC4C-4867-A60D-2314C6A8BEAB}.Debug|Any CPU.ActiveCfg = Debug|Any CPU
		{B4FFE846-EC4C-4867-A60D-2314C6A8BEAB}.Debug|Any CPU.Build.0 = Debug|Any CPU
		{B4FFE846-EC4C-4867-A60D-2314C6A8BEAB}.Debug|x64.ActiveCfg = Debug|Any CPU
		{B4FFE846-EC4C-4867-A60D-2314C6A8BEAB}.Debug|x64.Build.0 = Debug|Any CPU
		{B4FFE846-EC4C-4867-A60D-2314C6A8BEAB}.Debug|x86.ActiveCfg = Debug|Any CPU
		{B4FFE846-EC4C-4867-A60D-2314C6A8BEAB}.Debug|x86.Build.0 = Debug|Any CPU
		{B4FFE846-EC4C-4867-A60D-2314C6A8BEAB}.Release|Any CPU.ActiveCfg = Release|Any CPU
		{B4FFE846-EC4C-4867-A60D-2314C6A8BEAB}.Release|Any CPU.Build.0 = Release|Any CPU
		{B4FFE846-EC4C-4867-A60D-2314C6A8BEAB}.Release|x64.ActiveCfg = Release|Any CPU
		{B4FFE846-EC4C-4867-A60D-2314C6A8BEAB}.Release|x64.Build.0 = Release|Any CPU
		{B4FFE846-EC4C-4867-A60D-2314C6A8BEAB}.Release|x86.ActiveCfg = Release|Any CPU
		{B4FFE846-EC4C-4867-A60D-2314C6A8BEAB}.Release|x86.Build.0 = Release|Any CPU
		{B4FFE846-EC4C-4867-A60D-2314C6A8BEAB}.Test|Any CPU.ActiveCfg = Release|Any CPU
		{B4FFE846-EC4C-4867-A60D-2314C6A8BEAB}.Test|Any CPU.Build.0 = Release|Any CPU
		{B4FFE846-EC4C-4867-A60D-2314C6A8BEAB}.Test|x64.ActiveCfg = Release|Any CPU
		{B4FFE846-EC4C-4867-A60D-2314C6A8BEAB}.Test|x64.Build.0 = Release|Any CPU
		{B4FFE846-EC4C-4867-A60D-2314C6A8BEAB}.Test|x86.ActiveCfg = Release|Any CPU
		{B4FFE846-EC4C-4867-A60D-2314C6A8BEAB}.Test|x86.Build.0 = Release|Any CPU
		{2277B38E-AA35-406D-81C7-C51273FE6D91}.Debug|Any CPU.ActiveCfg = Debug|Any CPU
		{2277B38E-AA35-406D-81C7-C51273FE6D91}.Debug|Any CPU.Build.0 = Debug|Any CPU
		{2277B38E-AA35-406D-81C7-C51273FE6D91}.Debug|x64.ActiveCfg = Debug|Any CPU
		{2277B38E-AA35-406D-81C7-C51273FE6D91}.Debug|x64.Build.0 = Debug|Any CPU
		{2277B38E-AA35-406D-81C7-C51273FE6D91}.Debug|x86.ActiveCfg = Debug|Any CPU
		{2277B38E-AA35-406D-81C7-C51273FE6D91}.Debug|x86.Build.0 = Debug|Any CPU
		{2277B38E-AA35-406D-81C7-C51273FE6D91}.Release|Any CPU.ActiveCfg = Release|Any CPU
		{2277B38E-AA35-406D-81C7-C51273FE6D91}.Release|Any CPU.Build.0 = Release|Any CPU
		{2277B38E-AA35-406D-81C7-C51273FE6D91}.Release|x64.ActiveCfg = Release|Any CPU
		{2277B38E-AA35-406D-81C7-C51273FE6D91}.Release|x64.Build.0 = Release|Any CPU
		{2277B38E-AA35-406D-81C7-C51273FE6D91}.Release|x86.ActiveCfg = Release|Any CPU
		{2277B38E-AA35-406D-81C7-C51273FE6D91}.Release|x86.Build.0 = Release|Any CPU
		{2277B38E-AA35-406D-81C7-C51273FE6D91}.Test|Any CPU.ActiveCfg = Release|Any CPU
		{2277B38E-AA35-406D-81C7-C51273FE6D91}.Test|Any CPU.Build.0 = Release|Any CPU
		{2277B38E-AA35-406D-81C7-C51273FE6D91}.Test|x64.ActiveCfg = Release|Any CPU
		{2277B38E-AA35-406D-81C7-C51273FE6D91}.Test|x64.Build.0 = Release|Any CPU
		{2277B38E-AA35-406D-81C7-C51273FE6D91}.Test|x86.ActiveCfg = Release|Any CPU
		{2277B38E-AA35-406D-81C7-C51273FE6D91}.Test|x86.Build.0 = Release|Any CPU
		{A79C9BF8-7922-4585-AF53-105C9E4BAFCE}.Debug|Any CPU.ActiveCfg = Debug|Any CPU
		{A79C9BF8-7922-4585-AF53-105C9E4BAFCE}.Debug|Any CPU.Build.0 = Debug|Any CPU
		{A79C9BF8-7922-4585-AF53-105C9E4BAFCE}.Debug|x64.ActiveCfg = Debug|Any CPU
		{A79C9BF8-7922-4585-AF53-105C9E4BAFCE}.Debug|x64.Build.0 = Debug|Any CPU
		{A79C9BF8-7922-4585-AF53-105C9E4BAFCE}.Debug|x86.ActiveCfg = Debug|Any CPU
		{A79C9BF8-7922-4585-AF53-105C9E4BAFCE}.Debug|x86.Build.0 = Debug|Any CPU
		{A79C9BF8-7922-4585-AF53-105C9E4BAFCE}.Release|Any CPU.ActiveCfg = Release|Any CPU
		{A79C9BF8-7922-4585-AF53-105C9E4BAFCE}.Release|Any CPU.Build.0 = Release|Any CPU
		{A79C9BF8-7922-4585-AF53-105C9E4BAFCE}.Release|x64.ActiveCfg = Release|Any CPU
		{A79C9BF8-7922-4585-AF53-105C9E4BAFCE}.Release|x64.Build.0 = Release|Any CPU
		{A79C9BF8-7922-4585-AF53-105C9E4BAFCE}.Release|x86.ActiveCfg = Release|Any CPU
		{A79C9BF8-7922-4585-AF53-105C9E4BAFCE}.Release|x86.Build.0 = Release|Any CPU
		{A79C9BF8-7922-4585-AF53-105C9E4BAFCE}.Test|Any CPU.ActiveCfg = Release|Any CPU
		{A79C9BF8-7922-4585-AF53-105C9E4BAFCE}.Test|Any CPU.Build.0 = Release|Any CPU
		{A79C9BF8-7922-4585-AF53-105C9E4BAFCE}.Test|x64.ActiveCfg = Release|Any CPU
		{A79C9BF8-7922-4585-AF53-105C9E4BAFCE}.Test|x64.Build.0 = Release|Any CPU
		{A79C9BF8-7922-4585-AF53-105C9E4BAFCE}.Test|x86.ActiveCfg = Release|Any CPU
		{A79C9BF8-7922-4585-AF53-105C9E4BAFCE}.Test|x86.Build.0 = Release|Any CPU
		{2F7D391F-F58E-4EC4-8066-3C6A4FC79B37}.Debug|Any CPU.ActiveCfg = Debug|Any CPU
		{2F7D391F-F58E-4EC4-8066-3C6A4FC79B37}.Debug|Any CPU.Build.0 = Debug|Any CPU
		{2F7D391F-F58E-4EC4-8066-3C6A4FC79B37}.Debug|x64.ActiveCfg = Debug|Any CPU
		{2F7D391F-F58E-4EC4-8066-3C6A4FC79B37}.Debug|x64.Build.0 = Debug|Any CPU
		{2F7D391F-F58E-4EC4-8066-3C6A4FC79B37}.Debug|x86.ActiveCfg = Debug|Any CPU
		{2F7D391F-F58E-4EC4-8066-3C6A4FC79B37}.Debug|x86.Build.0 = Debug|Any CPU
		{2F7D391F-F58E-4EC4-8066-3C6A4FC79B37}.Release|Any CPU.ActiveCfg = Release|Any CPU
		{2F7D391F-F58E-4EC4-8066-3C6A4FC79B37}.Release|Any CPU.Build.0 = Release|Any CPU
		{2F7D391F-F58E-4EC4-8066-3C6A4FC79B37}.Release|x64.ActiveCfg = Release|Any CPU
		{2F7D391F-F58E-4EC4-8066-3C6A4FC79B37}.Release|x64.Build.0 = Release|Any CPU
		{2F7D391F-F58E-4EC4-8066-3C6A4FC79B37}.Release|x86.ActiveCfg = Release|Any CPU
		{2F7D391F-F58E-4EC4-8066-3C6A4FC79B37}.Release|x86.Build.0 = Release|Any CPU
		{2F7D391F-F58E-4EC4-8066-3C6A4FC79B37}.Test|Any CPU.ActiveCfg = Release|Any CPU
		{2F7D391F-F58E-4EC4-8066-3C6A4FC79B37}.Test|Any CPU.Build.0 = Release|Any CPU
		{2F7D391F-F58E-4EC4-8066-3C6A4FC79B37}.Test|x64.ActiveCfg = Release|Any CPU
		{2F7D391F-F58E-4EC4-8066-3C6A4FC79B37}.Test|x64.Build.0 = Release|Any CPU
		{2F7D391F-F58E-4EC4-8066-3C6A4FC79B37}.Test|x86.ActiveCfg = Release|Any CPU
		{2F7D391F-F58E-4EC4-8066-3C6A4FC79B37}.Test|x86.Build.0 = Release|Any CPU
		{BE44A511-202E-4C54-A742-E4857B1C481C}.Debug|Any CPU.ActiveCfg = Debug|Any CPU
		{BE44A511-202E-4C54-A742-E4857B1C481C}.Debug|Any CPU.Build.0 = Debug|Any CPU
		{BE44A511-202E-4C54-A742-E4857B1C481C}.Debug|x64.ActiveCfg = Debug|Any CPU
		{BE44A511-202E-4C54-A742-E4857B1C481C}.Debug|x64.Build.0 = Debug|Any CPU
		{BE44A511-202E-4C54-A742-E4857B1C481C}.Debug|x86.ActiveCfg = Debug|Any CPU
		{BE44A511-202E-4C54-A742-E4857B1C481C}.Debug|x86.Build.0 = Debug|Any CPU
		{BE44A511-202E-4C54-A742-E4857B1C481C}.Release|Any CPU.ActiveCfg = Release|Any CPU
		{BE44A511-202E-4C54-A742-E4857B1C481C}.Release|Any CPU.Build.0 = Release|Any CPU
		{BE44A511-202E-4C54-A742-E4857B1C481C}.Release|x64.ActiveCfg = Release|Any CPU
		{BE44A511-202E-4C54-A742-E4857B1C481C}.Release|x64.Build.0 = Release|Any CPU
		{BE44A511-202E-4C54-A742-E4857B1C481C}.Release|x86.ActiveCfg = Release|Any CPU
		{BE44A511-202E-4C54-A742-E4857B1C481C}.Release|x86.Build.0 = Release|Any CPU
		{BE44A511-202E-4C54-A742-E4857B1C481C}.Test|Any CPU.ActiveCfg = Release|Any CPU
		{BE44A511-202E-4C54-A742-E4857B1C481C}.Test|Any CPU.Build.0 = Release|Any CPU
		{BE44A511-202E-4C54-A742-E4857B1C481C}.Test|x64.ActiveCfg = Release|Any CPU
		{BE44A511-202E-4C54-A742-E4857B1C481C}.Test|x64.Build.0 = Release|Any CPU
		{BE44A511-202E-4C54-A742-E4857B1C481C}.Test|x86.ActiveCfg = Release|Any CPU
		{BE44A511-202E-4C54-A742-E4857B1C481C}.Test|x86.Build.0 = Release|Any CPU
		{3407A7C1-4E81-4A0F-B364-BCEE936203E5}.Debug|Any CPU.ActiveCfg = Debug|Any CPU
		{3407A7C1-4E81-4A0F-B364-BCEE936203E5}.Debug|Any CPU.Build.0 = Debug|Any CPU
		{3407A7C1-4E81-4A0F-B364-BCEE936203E5}.Debug|x64.ActiveCfg = Debug|Any CPU
		{3407A7C1-4E81-4A0F-B364-BCEE936203E5}.Debug|x64.Build.0 = Debug|Any CPU
		{3407A7C1-4E81-4A0F-B364-BCEE936203E5}.Debug|x86.ActiveCfg = Debug|Any CPU
		{3407A7C1-4E81-4A0F-B364-BCEE936203E5}.Debug|x86.Build.0 = Debug|Any CPU
		{3407A7C1-4E81-4A0F-B364-BCEE936203E5}.Release|Any CPU.ActiveCfg = Release|Any CPU
		{3407A7C1-4E81-4A0F-B364-BCEE936203E5}.Release|Any CPU.Build.0 = Release|Any CPU
		{3407A7C1-4E81-4A0F-B364-BCEE936203E5}.Release|x64.ActiveCfg = Release|Any CPU
		{3407A7C1-4E81-4A0F-B364-BCEE936203E5}.Release|x64.Build.0 = Release|Any CPU
		{3407A7C1-4E81-4A0F-B364-BCEE936203E5}.Release|x86.ActiveCfg = Release|Any CPU
		{3407A7C1-4E81-4A0F-B364-BCEE936203E5}.Release|x86.Build.0 = Release|Any CPU
		{3407A7C1-4E81-4A0F-B364-BCEE936203E5}.Test|Any CPU.ActiveCfg = Release|Any CPU
		{3407A7C1-4E81-4A0F-B364-BCEE936203E5}.Test|Any CPU.Build.0 = Release|Any CPU
		{3407A7C1-4E81-4A0F-B364-BCEE936203E5}.Test|x64.ActiveCfg = Release|Any CPU
		{3407A7C1-4E81-4A0F-B364-BCEE936203E5}.Test|x64.Build.0 = Release|Any CPU
		{3407A7C1-4E81-4A0F-B364-BCEE936203E5}.Test|x86.ActiveCfg = Release|Any CPU
		{3407A7C1-4E81-4A0F-B364-BCEE936203E5}.Test|x86.Build.0 = Release|Any CPU
		{97DFE5DD-5F64-482D-92A4-DA63B32C6945}.Debug|Any CPU.ActiveCfg = Debug|Any CPU
		{97DFE5DD-5F64-482D-92A4-DA63B32C6945}.Debug|Any CPU.Build.0 = Debug|Any CPU
		{97DFE5DD-5F64-482D-92A4-DA63B32C6945}.Debug|x64.ActiveCfg = Debug|Any CPU
		{97DFE5DD-5F64-482D-92A4-DA63B32C6945}.Debug|x64.Build.0 = Debug|Any CPU
		{97DFE5DD-5F64-482D-92A4-DA63B32C6945}.Debug|x86.ActiveCfg = Debug|Any CPU
		{97DFE5DD-5F64-482D-92A4-DA63B32C6945}.Debug|x86.Build.0 = Debug|Any CPU
		{97DFE5DD-5F64-482D-92A4-DA63B32C6945}.Release|Any CPU.ActiveCfg = Release|Any CPU
		{97DFE5DD-5F64-482D-92A4-DA63B32C6945}.Release|Any CPU.Build.0 = Release|Any CPU
		{97DFE5DD-5F64-482D-92A4-DA63B32C6945}.Release|x64.ActiveCfg = Release|Any CPU
		{97DFE5DD-5F64-482D-92A4-DA63B32C6945}.Release|x64.Build.0 = Release|Any CPU
		{97DFE5DD-5F64-482D-92A4-DA63B32C6945}.Release|x86.ActiveCfg = Release|Any CPU
		{97DFE5DD-5F64-482D-92A4-DA63B32C6945}.Release|x86.Build.0 = Release|Any CPU
		{97DFE5DD-5F64-482D-92A4-DA63B32C6945}.Test|Any CPU.ActiveCfg = Release|Any CPU
		{97DFE5DD-5F64-482D-92A4-DA63B32C6945}.Test|Any CPU.Build.0 = Release|Any CPU
		{97DFE5DD-5F64-482D-92A4-DA63B32C6945}.Test|x64.ActiveCfg = Release|Any CPU
		{97DFE5DD-5F64-482D-92A4-DA63B32C6945}.Test|x64.Build.0 = Release|Any CPU
		{97DFE5DD-5F64-482D-92A4-DA63B32C6945}.Test|x86.ActiveCfg = Release|Any CPU
		{97DFE5DD-5F64-482D-92A4-DA63B32C6945}.Test|x86.Build.0 = Release|Any CPU
		{C57705D5-A3E8-4AD5-9403-D34F05B3E9BC}.Debug|Any CPU.ActiveCfg = Debug|Any CPU
		{C57705D5-A3E8-4AD5-9403-D34F05B3E9BC}.Debug|Any CPU.Build.0 = Debug|Any CPU
		{C57705D5-A3E8-4AD5-9403-D34F05B3E9BC}.Debug|x64.ActiveCfg = Debug|Any CPU
		{C57705D5-A3E8-4AD5-9403-D34F05B3E9BC}.Debug|x64.Build.0 = Debug|Any CPU
		{C57705D5-A3E8-4AD5-9403-D34F05B3E9BC}.Debug|x86.ActiveCfg = Debug|Any CPU
		{C57705D5-A3E8-4AD5-9403-D34F05B3E9BC}.Debug|x86.Build.0 = Debug|Any CPU
		{C57705D5-A3E8-4AD5-9403-D34F05B3E9BC}.Release|Any CPU.ActiveCfg = Release|Any CPU
		{C57705D5-A3E8-4AD5-9403-D34F05B3E9BC}.Release|Any CPU.Build.0 = Release|Any CPU
		{C57705D5-A3E8-4AD5-9403-D34F05B3E9BC}.Release|x64.ActiveCfg = Release|Any CPU
		{C57705D5-A3E8-4AD5-9403-D34F05B3E9BC}.Release|x64.Build.0 = Release|Any CPU
		{C57705D5-A3E8-4AD5-9403-D34F05B3E9BC}.Release|x86.ActiveCfg = Release|Any CPU
		{C57705D5-A3E8-4AD5-9403-D34F05B3E9BC}.Release|x86.Build.0 = Release|Any CPU
		{C57705D5-A3E8-4AD5-9403-D34F05B3E9BC}.Test|Any CPU.ActiveCfg = Release|Any CPU
		{C57705D5-A3E8-4AD5-9403-D34F05B3E9BC}.Test|Any CPU.Build.0 = Release|Any CPU
		{C57705D5-A3E8-4AD5-9403-D34F05B3E9BC}.Test|x64.ActiveCfg = Release|Any CPU
		{C57705D5-A3E8-4AD5-9403-D34F05B3E9BC}.Test|x64.Build.0 = Release|Any CPU
		{C57705D5-A3E8-4AD5-9403-D34F05B3E9BC}.Test|x86.ActiveCfg = Release|Any CPU
		{C57705D5-A3E8-4AD5-9403-D34F05B3E9BC}.Test|x86.Build.0 = Release|Any CPU
		{C57705D5-A3E8-5AD5-9403-D34F05B3E9BC}.Debug|Any CPU.ActiveCfg = Debug|Any CPU
		{C57705D5-A3E8-5AD5-9403-D34F05B3E9BC}.Debug|Any CPU.Build.0 = Debug|Any CPU
		{C57705D5-A3E8-5AD5-9403-D34F05B3E9BC}.Debug|x64.ActiveCfg = Debug|Any CPU
		{C57705D5-A3E8-5AD5-9403-D34F05B3E9BC}.Debug|x64.Build.0 = Debug|Any CPU
		{C57705D5-A3E8-5AD5-9403-D34F05B3E9BC}.Debug|x86.ActiveCfg = Debug|Any CPU
		{C57705D5-A3E8-5AD5-9403-D34F05B3E9BC}.Debug|x86.Build.0 = Debug|Any CPU
		{C57705D5-A3E8-5AD5-9403-D34F05B3E9BC}.Release|Any CPU.ActiveCfg = Release|Any CPU
		{C57705D5-A3E8-5AD5-9403-D34F05B3E9BC}.Release|Any CPU.Build.0 = Release|Any CPU
		{C57705D5-A3E8-5AD5-9403-D34F05B3E9BC}.Release|x64.ActiveCfg = Release|Any CPU
		{C57705D5-A3E8-5AD5-9403-D34F05B3E9BC}.Release|x64.Build.0 = Release|Any CPU
		{C57705D5-A3E8-5AD5-9403-D34F05B3E9BC}.Release|x86.ActiveCfg = Release|Any CPU
		{C57705D5-A3E8-5AD5-9403-D34F05B3E9BC}.Release|x86.Build.0 = Release|Any CPU
		{C57705D5-A3E8-5AD5-9403-D34F05B3E9BC}.Test|Any CPU.ActiveCfg = Release|Any CPU
		{C57705D5-A3E8-5AD5-9403-D34F05B3E9BC}.Test|Any CPU.Build.0 = Release|Any CPU
		{C57705D5-A3E8-5AD5-9403-D34F05B3E9BC}.Test|x64.ActiveCfg = Release|Any CPU
		{C57705D5-A3E8-5AD5-9403-D34F05B3E9BC}.Test|x64.Build.0 = Release|Any CPU
		{C57705D5-A3E8-5AD5-9403-D34F05B3E9BC}.Test|x86.ActiveCfg = Release|Any CPU
		{C57705D5-A3E8-5AD5-9403-D34F05B3E9BC}.Test|x86.Build.0 = Release|Any CPU
		{54F48025-45D1-44D6-90FE-598ACA83B146}.Debug|Any CPU.ActiveCfg = Debug|Any CPU
		{54F48025-45D1-44D6-90FE-598ACA83B146}.Debug|Any CPU.Build.0 = Debug|Any CPU
		{54F48025-45D1-44D6-90FE-598ACA83B146}.Debug|x64.ActiveCfg = Debug|Any CPU
		{54F48025-45D1-44D6-90FE-598ACA83B146}.Debug|x64.Build.0 = Debug|Any CPU
		{54F48025-45D1-44D6-90FE-598ACA83B146}.Debug|x86.ActiveCfg = Debug|Any CPU
		{54F48025-45D1-44D6-90FE-598ACA83B146}.Debug|x86.Build.0 = Debug|Any CPU
		{54F48025-45D1-44D6-90FE-598ACA83B146}.Release|Any CPU.ActiveCfg = Release|Any CPU
		{54F48025-45D1-44D6-90FE-598ACA83B146}.Release|Any CPU.Build.0 = Release|Any CPU
		{54F48025-45D1-44D6-90FE-598ACA83B146}.Release|x64.ActiveCfg = Release|Any CPU
		{54F48025-45D1-44D6-90FE-598ACA83B146}.Release|x64.Build.0 = Release|Any CPU
		{54F48025-45D1-44D6-90FE-598ACA83B146}.Release|x86.ActiveCfg = Release|Any CPU
		{54F48025-45D1-44D6-90FE-598ACA83B146}.Release|x86.Build.0 = Release|Any CPU
		{54F48025-45D1-44D6-90FE-598ACA83B146}.Test|Any CPU.ActiveCfg = Release|Any CPU
		{54F48025-45D1-44D6-90FE-598ACA83B146}.Test|Any CPU.Build.0 = Release|Any CPU
		{54F48025-45D1-44D6-90FE-598ACA83B146}.Test|x64.ActiveCfg = Release|Any CPU
		{54F48025-45D1-44D6-90FE-598ACA83B146}.Test|x64.Build.0 = Release|Any CPU
		{54F48025-45D1-44D6-90FE-598ACA83B146}.Test|x86.ActiveCfg = Release|Any CPU
		{54F48025-45D1-44D6-90FE-598ACA83B146}.Test|x86.Build.0 = Release|Any CPU
		{54F48025-45D1-54D6-90FE-598ACA83B146}.Debug|Any CPU.ActiveCfg = Debug|Any CPU
		{54F48025-45D1-54D6-90FE-598ACA83B146}.Debug|Any CPU.Build.0 = Debug|Any CPU
		{54F48025-45D1-54D6-90FE-598ACA83B146}.Debug|x64.ActiveCfg = Debug|Any CPU
		{54F48025-45D1-54D6-90FE-598ACA83B146}.Debug|x64.Build.0 = Debug|Any CPU
		{54F48025-45D1-54D6-90FE-598ACA83B146}.Debug|x86.ActiveCfg = Debug|Any CPU
		{54F48025-45D1-54D6-90FE-598ACA83B146}.Debug|x86.Build.0 = Debug|Any CPU
		{54F48025-45D1-54D6-90FE-598ACA83B146}.Release|Any CPU.ActiveCfg = Release|Any CPU
		{54F48025-45D1-54D6-90FE-598ACA83B146}.Release|Any CPU.Build.0 = Release|Any CPU
		{54F48025-45D1-54D6-90FE-598ACA83B146}.Release|x64.ActiveCfg = Release|Any CPU
		{54F48025-45D1-54D6-90FE-598ACA83B146}.Release|x64.Build.0 = Release|Any CPU
		{54F48025-45D1-54D6-90FE-598ACA83B146}.Release|x86.ActiveCfg = Release|Any CPU
		{54F48025-45D1-54D6-90FE-598ACA83B146}.Release|x86.Build.0 = Release|Any CPU
		{54F48025-45D1-54D6-90FE-598ACA83B146}.Test|Any CPU.ActiveCfg = Release|Any CPU
		{54F48025-45D1-54D6-90FE-598ACA83B146}.Test|Any CPU.Build.0 = Release|Any CPU
		{54F48025-45D1-54D6-90FE-598ACA83B146}.Test|x64.ActiveCfg = Release|Any CPU
		{54F48025-45D1-54D6-90FE-598ACA83B146}.Test|x64.Build.0 = Release|Any CPU
		{54F48025-45D1-54D6-90FE-598ACA83B146}.Test|x86.ActiveCfg = Release|Any CPU
		{54F48025-45D1-54D6-90FE-598ACA83B146}.Test|x86.Build.0 = Release|Any CPU
		{EE3780A1-F084-4E29-9791-1BE22723EF79}.Debug|Any CPU.ActiveCfg = Debug|Any CPU
		{EE3780A1-F084-4E29-9791-1BE22723EF79}.Debug|Any CPU.Build.0 = Debug|Any CPU
		{EE3780A1-F084-4E29-9791-1BE22723EF79}.Debug|x64.ActiveCfg = Debug|Any CPU
		{EE3780A1-F084-4E29-9791-1BE22723EF79}.Debug|x64.Build.0 = Debug|Any CPU
		{EE3780A1-F084-4E29-9791-1BE22723EF79}.Debug|x86.ActiveCfg = Debug|Any CPU
		{EE3780A1-F084-4E29-9791-1BE22723EF79}.Debug|x86.Build.0 = Debug|Any CPU
		{EE3780A1-F084-4E29-9791-1BE22723EF79}.Release|Any CPU.ActiveCfg = Release|Any CPU
		{EE3780A1-F084-4E29-9791-1BE22723EF79}.Release|Any CPU.Build.0 = Release|Any CPU
		{EE3780A1-F084-4E29-9791-1BE22723EF79}.Release|x64.ActiveCfg = Release|Any CPU
		{EE3780A1-F084-4E29-9791-1BE22723EF79}.Release|x64.Build.0 = Release|Any CPU
		{EE3780A1-F084-4E29-9791-1BE22723EF79}.Release|x86.ActiveCfg = Release|Any CPU
		{EE3780A1-F084-4E29-9791-1BE22723EF79}.Release|x86.Build.0 = Release|Any CPU
		{EE3780A1-F084-4E29-9791-1BE22723EF79}.Test|Any CPU.ActiveCfg = Release|Any CPU
		{EE3780A1-F084-4E29-9791-1BE22723EF79}.Test|Any CPU.Build.0 = Release|Any CPU
		{EE3780A1-F084-4E29-9791-1BE22723EF79}.Test|x64.ActiveCfg = Release|Any CPU
		{EE3780A1-F084-4E29-9791-1BE22723EF79}.Test|x64.Build.0 = Release|Any CPU
		{EE3780A1-F084-4E29-9791-1BE22723EF79}.Test|x86.ActiveCfg = Release|Any CPU
		{EE3780A1-F084-4E29-9791-1BE22723EF79}.Test|x86.Build.0 = Release|Any CPU
		{EE3780A1-F084-5E29-9791-1BE22723EF79}.Debug|Any CPU.ActiveCfg = Debug|Any CPU
		{EE3780A1-F084-5E29-9791-1BE22723EF79}.Debug|Any CPU.Build.0 = Debug|Any CPU
		{EE3780A1-F084-5E29-9791-1BE22723EF79}.Debug|x64.ActiveCfg = Debug|Any CPU
		{EE3780A1-F084-5E29-9791-1BE22723EF79}.Debug|x64.Build.0 = Debug|Any CPU
		{EE3780A1-F084-5E29-9791-1BE22723EF79}.Debug|x86.ActiveCfg = Debug|Any CPU
		{EE3780A1-F084-5E29-9791-1BE22723EF79}.Debug|x86.Build.0 = Debug|Any CPU
		{EE3780A1-F084-5E29-9791-1BE22723EF79}.Release|Any CPU.ActiveCfg = Release|Any CPU
		{EE3780A1-F084-5E29-9791-1BE22723EF79}.Release|Any CPU.Build.0 = Release|Any CPU
		{EE3780A1-F084-5E29-9791-1BE22723EF79}.Release|x64.ActiveCfg = Release|Any CPU
		{EE3780A1-F084-5E29-9791-1BE22723EF79}.Release|x64.Build.0 = Release|Any CPU
		{EE3780A1-F084-5E29-9791-1BE22723EF79}.Release|x86.ActiveCfg = Release|Any CPU
		{EE3780A1-F084-5E29-9791-1BE22723EF79}.Release|x86.Build.0 = Release|Any CPU
		{EE3780A1-F084-5E29-9791-1BE22723EF79}.Test|Any CPU.ActiveCfg = Release|Any CPU
		{EE3780A1-F084-5E29-9791-1BE22723EF79}.Test|Any CPU.Build.0 = Release|Any CPU
		{EE3780A1-F084-5E29-9791-1BE22723EF79}.Test|x64.ActiveCfg = Release|Any CPU
		{EE3780A1-F084-5E29-9791-1BE22723EF79}.Test|x64.Build.0 = Release|Any CPU
		{EE3780A1-F084-5E29-9791-1BE22723EF79}.Test|x86.ActiveCfg = Release|Any CPU
		{EE3780A1-F084-5E29-9791-1BE22723EF79}.Test|x86.Build.0 = Release|Any CPU
		{4A2EBC95-C68B-47CF-ABCE-577C59B511C2}.Debug|Any CPU.ActiveCfg = Debug|Any CPU
		{4A2EBC95-C68B-47CF-ABCE-577C59B511C2}.Debug|Any CPU.Build.0 = Debug|Any CPU
		{4A2EBC95-C68B-47CF-ABCE-577C59B511C2}.Debug|x64.ActiveCfg = Debug|Any CPU
		{4A2EBC95-C68B-47CF-ABCE-577C59B511C2}.Debug|x64.Build.0 = Debug|Any CPU
		{4A2EBC95-C68B-47CF-ABCE-577C59B511C2}.Debug|x86.ActiveCfg = Debug|Any CPU
		{4A2EBC95-C68B-47CF-ABCE-577C59B511C2}.Debug|x86.Build.0 = Debug|Any CPU
		{4A2EBC95-C68B-47CF-ABCE-577C59B511C2}.Release|Any CPU.ActiveCfg = Release|Any CPU
		{4A2EBC95-C68B-47CF-ABCE-577C59B511C2}.Release|Any CPU.Build.0 = Release|Any CPU
		{4A2EBC95-C68B-47CF-ABCE-577C59B511C2}.Release|x64.ActiveCfg = Release|Any CPU
		{4A2EBC95-C68B-47CF-ABCE-577C59B511C2}.Release|x64.Build.0 = Release|Any CPU
		{4A2EBC95-C68B-47CF-ABCE-577C59B511C2}.Release|x86.ActiveCfg = Release|Any CPU
		{4A2EBC95-C68B-47CF-ABCE-577C59B511C2}.Release|x86.Build.0 = Release|Any CPU
		{4A2EBC95-C68B-47CF-ABCE-577C59B511C2}.Test|Any CPU.ActiveCfg = Debug|Any CPU
		{4A2EBC95-C68B-47CF-ABCE-577C59B511C2}.Test|Any CPU.Build.0 = Debug|Any CPU
		{4A2EBC95-C68B-47CF-ABCE-577C59B511C2}.Test|x64.ActiveCfg = Debug|Any CPU
		{4A2EBC95-C68B-47CF-ABCE-577C59B511C2}.Test|x64.Build.0 = Debug|Any CPU
		{4A2EBC95-C68B-47CF-ABCE-577C59B511C2}.Test|x86.ActiveCfg = Debug|Any CPU
		{4A2EBC95-C68B-47CF-ABCE-577C59B511C2}.Test|x86.Build.0 = Debug|Any CPU
		{BFB61815-46F2-44C7-867E-2538F37F6A93}.Debug|Any CPU.ActiveCfg = Debug|Any CPU
		{BFB61815-46F2-44C7-867E-2538F37F6A93}.Debug|Any CPU.Build.0 = Debug|Any CPU
		{BFB61815-46F2-44C7-867E-2538F37F6A93}.Debug|x64.ActiveCfg = Debug|Any CPU
		{BFB61815-46F2-44C7-867E-2538F37F6A93}.Debug|x64.Build.0 = Debug|Any CPU
		{BFB61815-46F2-44C7-867E-2538F37F6A93}.Debug|x86.ActiveCfg = Debug|Any CPU
		{BFB61815-46F2-44C7-867E-2538F37F6A93}.Debug|x86.Build.0 = Debug|Any CPU
		{BFB61815-46F2-44C7-867E-2538F37F6A93}.Release|Any CPU.ActiveCfg = Release|Any CPU
		{BFB61815-46F2-44C7-867E-2538F37F6A93}.Release|Any CPU.Build.0 = Release|Any CPU
		{BFB61815-46F2-44C7-867E-2538F37F6A93}.Release|x64.ActiveCfg = Release|Any CPU
		{BFB61815-46F2-44C7-867E-2538F37F6A93}.Release|x64.Build.0 = Release|Any CPU
		{BFB61815-46F2-44C7-867E-2538F37F6A93}.Release|x86.ActiveCfg = Release|Any CPU
		{BFB61815-46F2-44C7-867E-2538F37F6A93}.Release|x86.Build.0 = Release|Any CPU
		{BFB61815-46F2-44C7-867E-2538F37F6A93}.Test|Any CPU.ActiveCfg = Debug|Any CPU
		{BFB61815-46F2-44C7-867E-2538F37F6A93}.Test|Any CPU.Build.0 = Debug|Any CPU
		{BFB61815-46F2-44C7-867E-2538F37F6A93}.Test|x64.ActiveCfg = Debug|Any CPU
		{BFB61815-46F2-44C7-867E-2538F37F6A93}.Test|x64.Build.0 = Debug|Any CPU
		{BFB61815-46F2-44C7-867E-2538F37F6A93}.Test|x86.ActiveCfg = Debug|Any CPU
		{BFB61815-46F2-44C7-867E-2538F37F6A93}.Test|x86.Build.0 = Debug|Any CPU
		{2EA5AE39-2716-4B99-8F76-A1A1744E9BED}.Debug|Any CPU.ActiveCfg = Debug|Any CPU
		{2EA5AE39-2716-4B99-8F76-A1A1744E9BED}.Debug|Any CPU.Build.0 = Debug|Any CPU
		{2EA5AE39-2716-4B99-8F76-A1A1744E9BED}.Debug|x64.ActiveCfg = Debug|Any CPU
		{2EA5AE39-2716-4B99-8F76-A1A1744E9BED}.Debug|x64.Build.0 = Debug|Any CPU
		{2EA5AE39-2716-4B99-8F76-A1A1744E9BED}.Debug|x86.ActiveCfg = Debug|Any CPU
		{2EA5AE39-2716-4B99-8F76-A1A1744E9BED}.Debug|x86.Build.0 = Debug|Any CPU
		{2EA5AE39-2716-4B99-8F76-A1A1744E9BED}.Release|Any CPU.ActiveCfg = Release|Any CPU
		{2EA5AE39-2716-4B99-8F76-A1A1744E9BED}.Release|Any CPU.Build.0 = Release|Any CPU
		{2EA5AE39-2716-4B99-8F76-A1A1744E9BED}.Release|x64.ActiveCfg = Release|Any CPU
		{2EA5AE39-2716-4B99-8F76-A1A1744E9BED}.Release|x64.Build.0 = Release|Any CPU
		{2EA5AE39-2716-4B99-8F76-A1A1744E9BED}.Release|x86.ActiveCfg = Release|Any CPU
		{2EA5AE39-2716-4B99-8F76-A1A1744E9BED}.Release|x86.Build.0 = Release|Any CPU
		{2EA5AE39-2716-4B99-8F76-A1A1744E9BED}.Test|Any CPU.ActiveCfg = Debug|Any CPU
		{2EA5AE39-2716-4B99-8F76-A1A1744E9BED}.Test|Any CPU.Build.0 = Debug|Any CPU
		{2EA5AE39-2716-4B99-8F76-A1A1744E9BED}.Test|x64.ActiveCfg = Debug|Any CPU
		{2EA5AE39-2716-4B99-8F76-A1A1744E9BED}.Test|x64.Build.0 = Debug|Any CPU
		{2EA5AE39-2716-4B99-8F76-A1A1744E9BED}.Test|x86.ActiveCfg = Debug|Any CPU
		{2EA5AE39-2716-4B99-8F76-A1A1744E9BED}.Test|x86.Build.0 = Debug|Any CPU
		{A106AD58-0C7D-474E-9904-155AED1E3CBD}.Debug|Any CPU.ActiveCfg = Debug|Any CPU
		{A106AD58-0C7D-474E-9904-155AED1E3CBD}.Debug|Any CPU.Build.0 = Debug|Any CPU
		{A106AD58-0C7D-474E-9904-155AED1E3CBD}.Debug|x64.ActiveCfg = Debug|Any CPU
		{A106AD58-0C7D-474E-9904-155AED1E3CBD}.Debug|x64.Build.0 = Debug|Any CPU
		{A106AD58-0C7D-474E-9904-155AED1E3CBD}.Debug|x86.ActiveCfg = Debug|Any CPU
		{A106AD58-0C7D-474E-9904-155AED1E3CBD}.Debug|x86.Build.0 = Debug|Any CPU
		{A106AD58-0C7D-474E-9904-155AED1E3CBD}.Release|Any CPU.ActiveCfg = Release|Any CPU
		{A106AD58-0C7D-474E-9904-155AED1E3CBD}.Release|Any CPU.Build.0 = Release|Any CPU
		{A106AD58-0C7D-474E-9904-155AED1E3CBD}.Release|x64.ActiveCfg = Release|Any CPU
		{A106AD58-0C7D-474E-9904-155AED1E3CBD}.Release|x64.Build.0 = Release|Any CPU
		{A106AD58-0C7D-474E-9904-155AED1E3CBD}.Release|x86.ActiveCfg = Release|Any CPU
		{A106AD58-0C7D-474E-9904-155AED1E3CBD}.Release|x86.Build.0 = Release|Any CPU
		{A106AD58-0C7D-474E-9904-155AED1E3CBD}.Test|Any CPU.ActiveCfg = Debug|Any CPU
		{A106AD58-0C7D-474E-9904-155AED1E3CBD}.Test|Any CPU.Build.0 = Debug|Any CPU
		{A106AD58-0C7D-474E-9904-155AED1E3CBD}.Test|x64.ActiveCfg = Debug|Any CPU
		{A106AD58-0C7D-474E-9904-155AED1E3CBD}.Test|x64.Build.0 = Debug|Any CPU
		{A106AD58-0C7D-474E-9904-155AED1E3CBD}.Test|x86.ActiveCfg = Debug|Any CPU
		{A106AD58-0C7D-474E-9904-155AED1E3CBD}.Test|x86.Build.0 = Debug|Any CPU
		{C40AD0A6-712F-46F5-8A21-80364D5C1E11}.Debug|Any CPU.ActiveCfg = Debug|Any CPU
		{C40AD0A6-712F-46F5-8A21-80364D5C1E11}.Debug|Any CPU.Build.0 = Debug|Any CPU
		{C40AD0A6-712F-46F5-8A21-80364D5C1E11}.Debug|x64.ActiveCfg = Debug|Any CPU
		{C40AD0A6-712F-46F5-8A21-80364D5C1E11}.Debug|x64.Build.0 = Debug|Any CPU
		{C40AD0A6-712F-46F5-8A21-80364D5C1E11}.Debug|x86.ActiveCfg = Debug|Any CPU
		{C40AD0A6-712F-46F5-8A21-80364D5C1E11}.Debug|x86.Build.0 = Debug|Any CPU
		{C40AD0A6-712F-46F5-8A21-80364D5C1E11}.Release|Any CPU.ActiveCfg = Release|Any CPU
		{C40AD0A6-712F-46F5-8A21-80364D5C1E11}.Release|Any CPU.Build.0 = Release|Any CPU
		{C40AD0A6-712F-46F5-8A21-80364D5C1E11}.Release|x64.ActiveCfg = Release|Any CPU
		{C40AD0A6-712F-46F5-8A21-80364D5C1E11}.Release|x64.Build.0 = Release|Any CPU
		{C40AD0A6-712F-46F5-8A21-80364D5C1E11}.Release|x86.ActiveCfg = Release|Any CPU
		{C40AD0A6-712F-46F5-8A21-80364D5C1E11}.Release|x86.Build.0 = Release|Any CPU
		{C40AD0A6-712F-46F5-8A21-80364D5C1E11}.Test|Any CPU.ActiveCfg = Release|Any CPU
		{C40AD0A6-712F-46F5-8A21-80364D5C1E11}.Test|Any CPU.Build.0 = Release|Any CPU
		{C40AD0A6-712F-46F5-8A21-80364D5C1E11}.Test|x64.ActiveCfg = Release|Any CPU
		{C40AD0A6-712F-46F5-8A21-80364D5C1E11}.Test|x64.Build.0 = Release|Any CPU
		{C40AD0A6-712F-46F5-8A21-80364D5C1E11}.Test|x86.ActiveCfg = Release|Any CPU
		{C40AD0A6-712F-46F5-8A21-80364D5C1E11}.Test|x86.Build.0 = Release|Any CPU
		{59BBAB9D-4419-4CE6-9727-099A6616B1CA}.Debug|Any CPU.ActiveCfg = Debug|Any CPU
		{59BBAB9D-4419-4CE6-9727-099A6616B1CA}.Debug|Any CPU.Build.0 = Debug|Any CPU
		{59BBAB9D-4419-4CE6-9727-099A6616B1CA}.Debug|x64.ActiveCfg = Debug|Any CPU
		{59BBAB9D-4419-4CE6-9727-099A6616B1CA}.Debug|x64.Build.0 = Debug|Any CPU
		{59BBAB9D-4419-4CE6-9727-099A6616B1CA}.Debug|x86.ActiveCfg = Debug|Any CPU
		{59BBAB9D-4419-4CE6-9727-099A6616B1CA}.Debug|x86.Build.0 = Debug|Any CPU
		{59BBAB9D-4419-4CE6-9727-099A6616B1CA}.Release|Any CPU.ActiveCfg = Release|Any CPU
		{59BBAB9D-4419-4CE6-9727-099A6616B1CA}.Release|Any CPU.Build.0 = Release|Any CPU
		{59BBAB9D-4419-4CE6-9727-099A6616B1CA}.Release|x64.ActiveCfg = Release|Any CPU
		{59BBAB9D-4419-4CE6-9727-099A6616B1CA}.Release|x64.Build.0 = Release|Any CPU
		{59BBAB9D-4419-4CE6-9727-099A6616B1CA}.Release|x86.ActiveCfg = Release|Any CPU
		{59BBAB9D-4419-4CE6-9727-099A6616B1CA}.Release|x86.Build.0 = Release|Any CPU
		{59BBAB9D-4419-4CE6-9727-099A6616B1CA}.Test|Any CPU.ActiveCfg = Debug|Any CPU
		{59BBAB9D-4419-4CE6-9727-099A6616B1CA}.Test|Any CPU.Build.0 = Debug|Any CPU
		{59BBAB9D-4419-4CE6-9727-099A6616B1CA}.Test|x64.ActiveCfg = Debug|Any CPU
		{59BBAB9D-4419-4CE6-9727-099A6616B1CA}.Test|x64.Build.0 = Debug|Any CPU
		{59BBAB9D-4419-4CE6-9727-099A6616B1CA}.Test|x86.ActiveCfg = Debug|Any CPU
		{59BBAB9D-4419-4CE6-9727-099A6616B1CA}.Test|x86.Build.0 = Debug|Any CPU
		{C8E83ADF-59E5-430F-AC0C-D6A33798922D}.Debug|Any CPU.ActiveCfg = Debug|Any CPU
		{C8E83ADF-59E5-430F-AC0C-D6A33798922D}.Debug|Any CPU.Build.0 = Debug|Any CPU
		{C8E83ADF-59E5-430F-AC0C-D6A33798922D}.Debug|x64.ActiveCfg = Debug|Any CPU
		{C8E83ADF-59E5-430F-AC0C-D6A33798922D}.Debug|x64.Build.0 = Debug|Any CPU
		{C8E83ADF-59E5-430F-AC0C-D6A33798922D}.Debug|x86.ActiveCfg = Debug|Any CPU
		{C8E83ADF-59E5-430F-AC0C-D6A33798922D}.Debug|x86.Build.0 = Debug|Any CPU
		{C8E83ADF-59E5-430F-AC0C-D6A33798922D}.Release|Any CPU.ActiveCfg = Release|Any CPU
		{C8E83ADF-59E5-430F-AC0C-D6A33798922D}.Release|Any CPU.Build.0 = Release|Any CPU
		{C8E83ADF-59E5-430F-AC0C-D6A33798922D}.Release|x64.ActiveCfg = Release|Any CPU
		{C8E83ADF-59E5-430F-AC0C-D6A33798922D}.Release|x64.Build.0 = Release|Any CPU
		{C8E83ADF-59E5-430F-AC0C-D6A33798922D}.Release|x86.ActiveCfg = Release|Any CPU
		{C8E83ADF-59E5-430F-AC0C-D6A33798922D}.Release|x86.Build.0 = Release|Any CPU
		{C8E83ADF-59E5-430F-AC0C-D6A33798922D}.Test|Any CPU.ActiveCfg = Debug|Any CPU
		{C8E83ADF-59E5-430F-AC0C-D6A33798922D}.Test|Any CPU.Build.0 = Debug|Any CPU
		{C8E83ADF-59E5-430F-AC0C-D6A33798922D}.Test|x64.ActiveCfg = Debug|Any CPU
		{C8E83ADF-59E5-430F-AC0C-D6A33798922D}.Test|x64.Build.0 = Debug|Any CPU
		{C8E83ADF-59E5-430F-AC0C-D6A33798922D}.Test|x86.ActiveCfg = Debug|Any CPU
		{C8E83ADF-59E5-430F-AC0C-D6A33798922D}.Test|x86.Build.0 = Debug|Any CPU
		{7ABB70B0-CE6B-45BB-B417-8E0B0B33E5C4}.Debug|Any CPU.ActiveCfg = Debug|Any CPU
		{7ABB70B0-CE6B-45BB-B417-8E0B0B33E5C4}.Debug|Any CPU.Build.0 = Debug|Any CPU
		{7ABB70B0-CE6B-45BB-B417-8E0B0B33E5C4}.Debug|x64.ActiveCfg = Debug|Any CPU
		{7ABB70B0-CE6B-45BB-B417-8E0B0B33E5C4}.Debug|x64.Build.0 = Debug|Any CPU
		{7ABB70B0-CE6B-45BB-B417-8E0B0B33E5C4}.Debug|x86.ActiveCfg = Debug|Any CPU
		{7ABB70B0-CE6B-45BB-B417-8E0B0B33E5C4}.Debug|x86.Build.0 = Debug|Any CPU
		{7ABB70B0-CE6B-45BB-B417-8E0B0B33E5C4}.Release|Any CPU.ActiveCfg = Release|Any CPU
		{7ABB70B0-CE6B-45BB-B417-8E0B0B33E5C4}.Release|Any CPU.Build.0 = Release|Any CPU
		{7ABB70B0-CE6B-45BB-B417-8E0B0B33E5C4}.Release|x64.ActiveCfg = Release|Any CPU
		{7ABB70B0-CE6B-45BB-B417-8E0B0B33E5C4}.Release|x64.Build.0 = Release|Any CPU
		{7ABB70B0-CE6B-45BB-B417-8E0B0B33E5C4}.Release|x86.ActiveCfg = Release|Any CPU
		{7ABB70B0-CE6B-45BB-B417-8E0B0B33E5C4}.Release|x86.Build.0 = Release|Any CPU
		{7ABB70B0-CE6B-45BB-B417-8E0B0B33E5C4}.Test|Any CPU.ActiveCfg = Debug|Any CPU
		{7ABB70B0-CE6B-45BB-B417-8E0B0B33E5C4}.Test|Any CPU.Build.0 = Debug|Any CPU
		{7ABB70B0-CE6B-45BB-B417-8E0B0B33E5C4}.Test|x64.ActiveCfg = Debug|Any CPU
		{7ABB70B0-CE6B-45BB-B417-8E0B0B33E5C4}.Test|x64.Build.0 = Debug|Any CPU
		{7ABB70B0-CE6B-45BB-B417-8E0B0B33E5C4}.Test|x86.ActiveCfg = Debug|Any CPU
		{7ABB70B0-CE6B-45BB-B417-8E0B0B33E5C4}.Test|x86.Build.0 = Debug|Any CPU
	EndGlobalSection
	GlobalSection(SolutionProperties) = preSolution
		HideSolutionNode = FALSE
	EndGlobalSection
	GlobalSection(NestedProjects) = preSolution
		{43D2D0AF-CADE-47DE-973C-5E3199ED1804} = {71258270-B33C-4833-8326-C16D916505EA}
		{6CD94B3C-58F2-4361-B808-808DA549E19E} = {71258270-B33C-4833-8326-C16D916505EA}
		{B4FFE846-EC4C-4867-A60D-2314C6A8BEAB} = {864039FD-EB9E-4206-9E2B-C4D001525117}
		{2277B38E-AA35-406D-81C7-C51273FE6D91} = {864039FD-EB9E-4206-9E2B-C4D001525117}
		{1DB869D9-EB13-46DE-82A8-E1A4B164EC1E} = {864039FD-EB9E-4206-9E2B-C4D001525117}
		{E05F3CA3-3A27-44CA-944E-AC56B50AA710} = {864039FD-EB9E-4206-9E2B-C4D001525117}
		{A79C9BF8-7922-4585-AF53-105C9E4BAFCE} = {864039FD-EB9E-4206-9E2B-C4D001525117}
		{2F7D391F-F58E-4EC4-8066-3C6A4FC79B37} = {864039FD-EB9E-4206-9E2B-C4D001525117}
		{BE44A511-202E-4C54-A742-E4857B1C481C} = {864039FD-EB9E-4206-9E2B-C4D001525117}
		{3407A7C1-4E81-4A0F-B364-BCEE936203E5} = {43D2D0AF-CADE-47DE-973C-5E3199ED1804}
		{97DFE5DD-5F64-482D-92A4-DA63B32C6945} = {43D2D0AF-CADE-47DE-973C-5E3199ED1804}
		{C57705D5-A3E8-4AD5-9403-D34F05B3E9BC} = {43D2D0AF-CADE-47DE-973C-5E3199ED1804}
		{C57705D5-A3E8-5AD5-9403-D34F05B3E9BC} = {6CD94B3C-58F2-4361-B808-808DA549E19E}
		{54F48025-45D1-44D6-90FE-598ACA83B146} = {43D2D0AF-CADE-47DE-973C-5E3199ED1804}
		{54F48025-45D1-54D6-90FE-598ACA83B146} = {6CD94B3C-58F2-4361-B808-808DA549E19E}
		{EE3780A1-F084-4E29-9791-1BE22723EF79} = {43D2D0AF-CADE-47DE-973C-5E3199ED1804}
		{EE3780A1-F084-5E29-9791-1BE22723EF79} = {6CD94B3C-58F2-4361-B808-808DA549E19E}
		{4A2EBC95-C68B-47CF-ABCE-577C59B511C2} = {43D2D0AF-CADE-47DE-973C-5E3199ED1804}
		{BFB61815-46F2-44C7-867E-2538F37F6A93} = {864039FD-EB9E-4206-9E2B-C4D001525117}
		{2EA5AE39-2716-4B99-8F76-A1A1744E9BED} = {864039FD-EB9E-4206-9E2B-C4D001525117}
		{A106AD58-0C7D-474E-9904-155AED1E3CBD} = {864039FD-EB9E-4206-9E2B-C4D001525117}
		{C40AD0A6-712F-46F5-8A21-80364D5C1E11} = {864039FD-EB9E-4206-9E2B-C4D001525117}
		{59BBAB9D-4419-4CE6-9727-099A6616B1CA} = {C94099F6-B311-4326-9919-5FE85C34A9E3}
		{C8E83ADF-59E5-430F-AC0C-D6A33798922D} = {C94099F6-B311-4326-9919-5FE85C34A9E3}
		{7ABB70B0-CE6B-45BB-B417-8E0B0B33E5C4} = {C94099F6-B311-4326-9919-5FE85C34A9E3}
	EndGlobalSection
	GlobalSection(ExtensibilityGlobals) = postSolution
		SolutionGuid = {F18CA2D9-55A8-4491-A61B-26E1900897F2}
	EndGlobalSection
EndGlobal
