
Microsoft Visual Studio Solution File, Format Version 12.00
# Visual Studio Version 16
VisualStudioVersion = 16.0.29009.5
MinimumVisualStudioVersion = 10.0.40219.1
Project("{9A19103F-16F7-4668-BE54-9A1E7A4F7556}") = "RuleChecker.Interface", "RuleChecker.Interface\RuleChecker.Interface.csproj", "{38704186-7ACF-474A-AD92-85CDA1B50D8E}"
EndProject
Project("{9A19103F-16F7-4668-BE54-9A1E7A4F7556}") = "RuleChecker.Engine", "RuleChecker.Engine\RuleChecker.Engine.csproj", "{3BE2D15D-B3BF-4498-99B1-C73A73FE7218}"
EndProject
Project("{9A19103F-16F7-4668-BE54-9A1E7A4F7556}") = "RuleChecker.Service", "RuleChecker.Service\RuleChecker.Service.csproj", "{5B7E321D-7896-43A0-8303-F725CB352C30}"
EndProject
Project("{9A19103F-16F7-4668-BE54-9A1E7A4F7556}") = "RuleChecker.ServiceHost", "RuleChecker.ServiceHost\RuleChecker.ServiceHost.csproj", "{7DDF5C33-F772-4F1E-BC0A-91BFF40D5C44}"
EndProject
Project("{9A19103F-16F7-4668-BE54-9A1E7A4F7556}") = "RuleChecker.Service.Test", "RuleChecker.Service.Test\RuleChecker.Service.Test.csproj", "{E9034C27-E390-4F86-99AA-119A63315196}"
EndProject
Global
	GlobalSection(SolutionConfigurationPlatforms) = preSolution
		Debug|Any CPU = Debug|Any CPU
		Debug|x64 = Debug|x64
		Debug|x86 = Debug|x86
		Release|Any CPU = Release|Any CPU
		Release|x64 = Release|x64
		Release|x86 = Release|x86
		Test|Any CPU = Test|Any CPU
		Test|x64 = Test|x64
		Test|x86 = Test|x86
	EndGlobalSection
	GlobalSection(ProjectConfigurationPlatforms) = postSolution
		{38704186-7ACF-474A-AD92-85CDA1B50D8E}.Debug|Any CPU.ActiveCfg = Debug|Any CPU
		{38704186-7ACF-474A-AD92-85CDA1B50D8E}.Debug|Any CPU.Build.0 = Debug|Any CPU
		{38704186-7ACF-474A-AD92-85CDA1B50D8E}.Debug|x64.ActiveCfg = Debug|Any CPU
		{38704186-7ACF-474A-AD92-85CDA1B50D8E}.Debug|x64.Build.0 = Debug|Any CPU
		{38704186-7ACF-474A-AD92-85CDA1B50D8E}.Debug|x86.ActiveCfg = Debug|Any CPU
		{38704186-7ACF-474A-AD92-85CDA1B50D8E}.Debug|x86.Build.0 = Debug|Any CPU
		{38704186-7ACF-474A-AD92-85CDA1B50D8E}.Release|Any CPU.ActiveCfg = Release|Any CPU
		{38704186-7ACF-474A-AD92-85CDA1B50D8E}.Release|Any CPU.Build.0 = Release|Any CPU
		{38704186-7ACF-474A-AD92-85CDA1B50D8E}.Release|x64.ActiveCfg = Release|Any CPU
		{38704186-7ACF-474A-AD92-85CDA1B50D8E}.Release|x64.Build.0 = Release|Any CPU
		{38704186-7ACF-474A-AD92-85CDA1B50D8E}.Release|x86.ActiveCfg = Release|Any CPU
		{38704186-7ACF-474A-AD92-85CDA1B50D8E}.Release|x86.Build.0 = Release|Any CPU
		{38704186-7ACF-474A-AD92-85CDA1B50D8E}.Test|Any CPU.ActiveCfg = Debug|Any CPU
		{38704186-7ACF-474A-AD92-85CDA1B50D8E}.Test|Any CPU.Build.0 = Debug|Any CPU
		{38704186-7ACF-474A-AD92-85CDA1B50D8E}.Test|x64.ActiveCfg = Release|Any CPU
		{38704186-7ACF-474A-AD92-85CDA1B50D8E}.Test|x64.Build.0 = Release|Any CPU
		{38704186-7ACF-474A-AD92-85CDA1B50D8E}.Test|x86.ActiveCfg = Release|Any CPU
		{38704186-7ACF-474A-AD92-85CDA1B50D8E}.Test|x86.Build.0 = Release|Any CPU
		{3BE2D15D-B3BF-4498-99B1-C73A73FE7218}.Debug|Any CPU.ActiveCfg = Debug|Any CPU
		{3BE2D15D-B3BF-4498-99B1-C73A73FE7218}.Debug|Any CPU.Build.0 = Debug|Any CPU
		{3BE2D15D-B3BF-4498-99B1-C73A73FE7218}.Debug|x64.ActiveCfg = Debug|Any CPU
		{3BE2D15D-B3BF-4498-99B1-C73A73FE7218}.Debug|x64.Build.0 = Debug|Any CPU
		{3BE2D15D-B3BF-4498-99B1-C73A73FE7218}.Debug|x86.ActiveCfg = Debug|Any CPU
		{3BE2D15D-B3BF-4498-99B1-C73A73FE7218}.Debug|x86.Build.0 = Debug|Any CPU
		{3BE2D15D-B3BF-4498-99B1-C73A73FE7218}.Release|Any CPU.ActiveCfg = Release|Any CPU
		{3BE2D15D-B3BF-4498-99B1-C73A73FE7218}.Release|Any CPU.Build.0 = Release|Any CPU
		{3BE2D15D-B3BF-4498-99B1-C73A73FE7218}.Release|x64.ActiveCfg = Release|Any CPU
		{3BE2D15D-B3BF-4498-99B1-C73A73FE7218}.Release|x64.Build.0 = Release|Any CPU
		{3BE2D15D-B3BF-4498-99B1-C73A73FE7218}.Release|x86.ActiveCfg = Release|Any CPU
		{3BE2D15D-B3BF-4498-99B1-C73A73FE7218}.Release|x86.Build.0 = Release|Any CPU
		{3BE2D15D-B3BF-4498-99B1-C73A73FE7218}.Test|Any CPU.ActiveCfg = Debug|Any CPU
		{3BE2D15D-B3BF-4498-99B1-C73A73FE7218}.Test|Any CPU.Build.0 = Debug|Any CPU
		{3BE2D15D-B3BF-4498-99B1-C73A73FE7218}.Test|x64.ActiveCfg = Release|Any CPU
		{3BE2D15D-B3BF-4498-99B1-C73A73FE7218}.Test|x64.Build.0 = Release|Any CPU
		{3BE2D15D-B3BF-4498-99B1-C73A73FE7218}.Test|x86.ActiveCfg = Release|Any CPU
		{3BE2D15D-B3BF-4498-99B1-C73A73FE7218}.Test|x86.Build.0 = Release|Any CPU
		{5B7E321D-7896-43A0-8303-F725CB352C30}.Debug|Any CPU.ActiveCfg = Debug|Any CPU
		{5B7E321D-7896-43A0-8303-F725CB352C30}.Debug|Any CPU.Build.0 = Debug|Any CPU
		{5B7E321D-7896-43A0-8303-F725CB352C30}.Debug|x64.ActiveCfg = Debug|Any CPU
		{5B7E321D-7896-43A0-8303-F725CB352C30}.Debug|x64.Build.0 = Debug|Any CPU
		{5B7E321D-7896-43A0-8303-F725CB352C30}.Debug|x86.ActiveCfg = Debug|Any CPU
		{5B7E321D-7896-43A0-8303-F725CB352C30}.Debug|x86.Build.0 = Debug|Any CPU
		{5B7E321D-7896-43A0-8303-F725CB352C30}.Release|Any CPU.ActiveCfg = Release|Any CPU
		{5B7E321D-7896-43A0-8303-F725CB352C30}.Release|Any CPU.Build.0 = Release|Any CPU
		{5B7E321D-7896-43A0-8303-F725CB352C30}.Release|x64.ActiveCfg = Release|Any CPU
		{5B7E321D-7896-43A0-8303-F725CB352C30}.Release|x64.Build.0 = Release|Any CPU
		{5B7E321D-7896-43A0-8303-F725CB352C30}.Release|x86.ActiveCfg = Release|Any CPU
		{5B7E321D-7896-43A0-8303-F725CB352C30}.Release|x86.Build.0 = Release|Any CPU
		{5B7E321D-7896-43A0-8303-F725CB352C30}.Test|Any CPU.ActiveCfg = Debug|Any CPU
		{5B7E321D-7896-43A0-8303-F725CB352C30}.Test|Any CPU.Build.0 = Debug|Any CPU
		{5B7E321D-7896-43A0-8303-F725CB352C30}.Test|x64.ActiveCfg = Release|Any CPU
		{5B7E321D-7896-43A0-8303-F725CB352C30}.Test|x64.Build.0 = Release|Any CPU
		{5B7E321D-7896-43A0-8303-F725CB352C30}.Test|x86.ActiveCfg = Release|Any CPU
		{5B7E321D-7896-43A0-8303-F725CB352C30}.Test|x86.Build.0 = Release|Any CPU
		{7DDF5C33-F772-4F1E-BC0A-91BFF40D5C44}.Debug|Any CPU.ActiveCfg = Debug|Any CPU
		{7DDF5C33-F772-4F1E-BC0A-91BFF40D5C44}.Debug|Any CPU.Build.0 = Debug|Any CPU
		{7DDF5C33-F772-4F1E-BC0A-91BFF40D5C44}.Debug|x64.ActiveCfg = Debug|Any CPU
		{7DDF5C33-F772-4F1E-BC0A-91BFF40D5C44}.Debug|x64.Build.0 = Debug|Any CPU
		{7DDF5C33-F772-4F1E-BC0A-91BFF40D5C44}.Debug|x86.ActiveCfg = Debug|Any CPU
		{7DDF5C33-F772-4F1E-BC0A-91BFF40D5C44}.Debug|x86.Build.0 = Debug|Any CPU
		{7DDF5C33-F772-4F1E-BC0A-91BFF40D5C44}.Release|Any CPU.ActiveCfg = Release|Any CPU
		{7DDF5C33-F772-4F1E-BC0A-91BFF40D5C44}.Release|Any CPU.Build.0 = Release|Any CPU
		{7DDF5C33-F772-4F1E-BC0A-91BFF40D5C44}.Release|x64.ActiveCfg = Release|Any CPU
		{7DDF5C33-F772-4F1E-BC0A-91BFF40D5C44}.Release|x64.Build.0 = Release|Any CPU
		{7DDF5C33-F772-4F1E-BC0A-91BFF40D5C44}.Release|x86.ActiveCfg = Release|Any CPU
		{7DDF5C33-F772-4F1E-BC0A-91BFF40D5C44}.Release|x86.Build.0 = Release|Any CPU
		{7DDF5C33-F772-4F1E-BC0A-91BFF40D5C44}.Test|Any CPU.ActiveCfg = Debug|Any CPU
		{7DDF5C33-F772-4F1E-BC0A-91BFF40D5C44}.Test|Any CPU.Build.0 = Debug|Any CPU
		{7DDF5C33-F772-4F1E-BC0A-91BFF40D5C44}.Test|x64.ActiveCfg = Release|Any CPU
		{7DDF5C33-F772-4F1E-BC0A-91BFF40D5C44}.Test|x64.Build.0 = Release|Any CPU
		{7DDF5C33-F772-4F1E-BC0A-91BFF40D5C44}.Test|x86.ActiveCfg = Release|Any CPU
		{7DDF5C33-F772-4F1E-BC0A-91BFF40D5C44}.Test|x86.Build.0 = Release|Any CPU
		{E9034C27-E390-4F86-99AA-119A63315196}.Debug|Any CPU.ActiveCfg = Debug|Any CPU
		{E9034C27-E390-4F86-99AA-119A63315196}.Debug|Any CPU.Build.0 = Debug|Any CPU
		{E9034C27-E390-4F86-99AA-119A63315196}.Debug|x64.ActiveCfg = Debug|Any CPU
		{E9034C27-E390-4F86-99AA-119A63315196}.Debug|x64.Build.0 = Debug|Any CPU
		{E9034C27-E390-4F86-99AA-119A63315196}.Debug|x86.ActiveCfg = Debug|Any CPU
		{E9034C27-E390-4F86-99AA-119A63315196}.Debug|x86.Build.0 = Debug|Any CPU
		{E9034C27-E390-4F86-99AA-119A63315196}.Release|Any CPU.ActiveCfg = Release|Any CPU
		{E9034C27-E390-4F86-99AA-119A63315196}.Release|Any CPU.Build.0 = Release|Any CPU
		{E9034C27-E390-4F86-99AA-119A63315196}.Release|x64.ActiveCfg = Release|Any CPU
		{E9034C27-E390-4F86-99AA-119A63315196}.Release|x64.Build.0 = Release|Any CPU
		{E9034C27-E390-4F86-99AA-119A63315196}.Release|x86.ActiveCfg = Release|Any CPU
		{E9034C27-E390-4F86-99AA-119A63315196}.Release|x86.Build.0 = Release|Any CPU
		{E9034C27-E390-4F86-99AA-119A63315196}.Test|Any CPU.ActiveCfg = Debug|Any CPU
		{E9034C27-E390-4F86-99AA-119A63315196}.Test|Any CPU.Build.0 = Debug|Any CPU
		{E9034C27-E390-4F86-99AA-119A63315196}.Test|x64.ActiveCfg = Release|Any CPU
		{E9034C27-E390-4F86-99AA-119A63315196}.Test|x64.Build.0 = Release|Any CPU
		{E9034C27-E390-4F86-99AA-119A63315196}.Test|x86.ActiveCfg = Release|Any CPU
		{E9034C27-E390-4F86-99AA-119A63315196}.Test|x86.Build.0 = Release|Any CPU
	EndGlobalSection
	GlobalSection(SolutionProperties) = preSolution
		HideSolutionNode = FALSE
	EndGlobalSection
	GlobalSection(ExtensibilityGlobals) = postSolution
		SolutionGuid = {E7B4A59A-D3CD-481A-953C-AD1691411882}
	EndGlobalSection
	GlobalSection(TeamFoundationVersionControl) = preSolution
		SccNumberOfProjects = 6
		SccEnterpriseProvider = {4CA58AB2-18FA-4F8D-95D4-32DDF27D184C}
		SccTeamFoundationServer = https://tfs.atlas.com.tr/tfs/go
		SccLocalPath0 = .
		SccProjectUniqueName1 = RuleChecker.Interface\\RuleChecker.Interface.csproj
		SccProjectName1 = RuleChecker.Interface
		SccLocalPath1 = RuleChecker.Interface
		SccProjectUniqueName2 = RuleChecker.Engine\\RuleChecker.Engine.csproj
		SccProjectName2 = RuleChecker.Engine
		SccLocalPath2 = RuleChecker.Engine
		SccProjectUniqueName3 = RuleChecker.Service\\RuleChecker.Service.csproj
		SccProjectName3 = RuleChecker.Service
		SccLocalPath3 = RuleChecker.Service
		SccProjectUniqueName4 = RuleChecker.ServiceHost\\RuleChecker.ServiceHost.csproj
		SccProjectName4 = RuleChecker.ServiceHost
		SccLocalPath4 = RuleChecker.ServiceHost
		SccProjectUniqueName5 = RuleChecker.Service.Test\\RuleChecker.Service.Test.csproj
		SccProjectName5 = RuleChecker.Service.Test
		SccLocalPath5 = RuleChecker.Service.Test
	EndGlobalSection
EndGlobal
